
Microsoft Visual Studio Solution File, Format Version 12.00
# Visual Studio Version 17
VisualStudioVersion = 17.8.34322.80
MinimumVisualStudioVersion = 16.0.0.0
Project("{9A19103F-16F7-4668-BE54-9A1E7A4F7556}") = "SVK.Server", "Server\SVK.Server.csproj", "{72616D3F-539D-473D-AF81-52DE69498B42}"
EndProject
Project("{9A19103F-16F7-4668-BE54-9A1E7A4F7556}") = "SVK.Client", "Client\SVK.Client.csproj", "{C26F78A3-0DC8-4753-A040-2355C3C1EB9C}"
EndProject
Project("{9A19103F-16F7-4668-BE54-9A1E7A4F7556}") = "SVK.Shared", "Shared\SVK.Shared.csproj", "{3F53DBBB-55D6-4DEC-9ABB-A9CF836DD0B3}"
EndProject
Project("{9A19103F-16F7-4668-BE54-9A1E7A4F7556}") = "SVK.Domain", "Domain\SVK.Domain.csproj", "{F037D83B-A57E-45E6-9A30-74A07F523566}"
EndProject
Project("{9A19103F-16F7-4668-BE54-9A1E7A4F7556}") = "SVK.Persistence", "Persistence\SVK.Persistence.csproj", "{72C0B356-9F0D-4D5B-9127-4B5DD9D827E4}"
EndProject
Project("{9A19103F-16F7-4668-BE54-9A1E7A4F7556}") = "SVK.Services", "SVK.Services\SVK.Services.csproj", "{9E87789C-6A15-4527-A7D0-144FD2068E1C}"
EndProject
Project("{2150E333-8FDC-42A3-9474-1A3956D46DE8}") = "tests", "tests", "{C7ECEE54-F430-4E16-80F4-D363B5447ACF}"
EndProject
Project("{2150E333-8FDC-42A3-9474-1A3956D46DE8}") = "src", "src", "{A44DECFC-F143-4E2F-B1F1-A08E402C09D3}"
EndProject
Project("{9A19103F-16F7-4668-BE54-9A1E7A4F7556}") = "Domain.Tests", "Domain.Tests\Domain.Tests.csproj", "{A455949C-B914-4BC1-A5C2-A25D825509F4}"
EndProject
Project("{9A19103F-16F7-4668-BE54-9A1E7A4F7556}") = "SVK.Fakers", "SVK.Fakers\SVK.Fakers.csproj", "{D46DA8EE-F4EA-4DDD-A5E8-3A99D1F20EED}"
EndProject
Project("{9A19103F-16F7-4668-BE54-9A1E7A4F7556}") = "SVK.PlaywrightTests", "PlaywrightTests\SVK.PlaywrightTests.csproj", "{B2814CC6-4304-4125-A651-F263E0DE193F}"
EndProject
Global
	GlobalSection(SolutionConfigurationPlatforms) = preSolution
		Debug|Any CPU = Debug|Any CPU
		Debug|x64 = Debug|x64
		Debug|x86 = Debug|x86
		Release|Any CPU = Release|Any CPU
		Release|x64 = Release|x64
		Release|x86 = Release|x86
	EndGlobalSection
	GlobalSection(ProjectConfigurationPlatforms) = postSolution
		{72616D3F-539D-473D-AF81-52DE69498B42}.Debug|Any CPU.ActiveCfg = Debug|Any CPU
		{72616D3F-539D-473D-AF81-52DE69498B42}.Debug|Any CPU.Build.0 = Debug|Any CPU
		{72616D3F-539D-473D-AF81-52DE69498B42}.Debug|x64.ActiveCfg = Debug|Any CPU
		{72616D3F-539D-473D-AF81-52DE69498B42}.Debug|x64.Build.0 = Debug|Any CPU
		{72616D3F-539D-473D-AF81-52DE69498B42}.Debug|x86.ActiveCfg = Debug|Any CPU
		{72616D3F-539D-473D-AF81-52DE69498B42}.Debug|x86.Build.0 = Debug|Any CPU
		{72616D3F-539D-473D-AF81-52DE69498B42}.Release|Any CPU.ActiveCfg = Release|Any CPU
		{72616D3F-539D-473D-AF81-52DE69498B42}.Release|Any CPU.Build.0 = Release|Any CPU
		{72616D3F-539D-473D-AF81-52DE69498B42}.Release|x64.ActiveCfg = Release|Any CPU
		{72616D3F-539D-473D-AF81-52DE69498B42}.Release|x64.Build.0 = Release|Any CPU
		{72616D3F-539D-473D-AF81-52DE69498B42}.Release|x86.ActiveCfg = Release|Any CPU
		{72616D3F-539D-473D-AF81-52DE69498B42}.Release|x86.Build.0 = Release|Any CPU
		{C26F78A3-0DC8-4753-A040-2355C3C1EB9C}.Debug|Any CPU.ActiveCfg = Debug|Any CPU
		{C26F78A3-0DC8-4753-A040-2355C3C1EB9C}.Debug|Any CPU.Build.0 = Debug|Any CPU
		{C26F78A3-0DC8-4753-A040-2355C3C1EB9C}.Debug|x64.ActiveCfg = Debug|Any CPU
		{C26F78A3-0DC8-4753-A040-2355C3C1EB9C}.Debug|x64.Build.0 = Debug|Any CPU
		{C26F78A3-0DC8-4753-A040-2355C3C1EB9C}.Debug|x86.ActiveCfg = Debug|Any CPU
		{C26F78A3-0DC8-4753-A040-2355C3C1EB9C}.Debug|x86.Build.0 = Debug|Any CPU
		{C26F78A3-0DC8-4753-A040-2355C3C1EB9C}.Release|Any CPU.ActiveCfg = Release|Any CPU
		{C26F78A3-0DC8-4753-A040-2355C3C1EB9C}.Release|Any CPU.Build.0 = Release|Any CPU
		{C26F78A3-0DC8-4753-A040-2355C3C1EB9C}.Release|x64.ActiveCfg = Release|Any CPU
		{C26F78A3-0DC8-4753-A040-2355C3C1EB9C}.Release|x64.Build.0 = Release|Any CPU
		{C26F78A3-0DC8-4753-A040-2355C3C1EB9C}.Release|x86.ActiveCfg = Release|Any CPU
		{C26F78A3-0DC8-4753-A040-2355C3C1EB9C}.Release|x86.Build.0 = Release|Any CPU
		{3F53DBBB-55D6-4DEC-9ABB-A9CF836DD0B3}.Debug|Any CPU.ActiveCfg = Debug|Any CPU
		{3F53DBBB-55D6-4DEC-9ABB-A9CF836DD0B3}.Debug|Any CPU.Build.0 = Debug|Any CPU
		{3F53DBBB-55D6-4DEC-9ABB-A9CF836DD0B3}.Debug|x64.ActiveCfg = Debug|Any CPU
		{3F53DBBB-55D6-4DEC-9ABB-A9CF836DD0B3}.Debug|x64.Build.0 = Debug|Any CPU
		{3F53DBBB-55D6-4DEC-9ABB-A9CF836DD0B3}.Debug|x86.ActiveCfg = Debug|Any CPU
		{3F53DBBB-55D6-4DEC-9ABB-A9CF836DD0B3}.Debug|x86.Build.0 = Debug|Any CPU
		{3F53DBBB-55D6-4DEC-9ABB-A9CF836DD0B3}.Release|Any CPU.ActiveCfg = Release|Any CPU
		{3F53DBBB-55D6-4DEC-9ABB-A9CF836DD0B3}.Release|Any CPU.Build.0 = Release|Any CPU
		{3F53DBBB-55D6-4DEC-9ABB-A9CF836DD0B3}.Release|x64.ActiveCfg = Release|Any CPU
		{3F53DBBB-55D6-4DEC-9ABB-A9CF836DD0B3}.Release|x64.Build.0 = Release|Any CPU
		{3F53DBBB-55D6-4DEC-9ABB-A9CF836DD0B3}.Release|x86.ActiveCfg = Release|Any CPU
		{3F53DBBB-55D6-4DEC-9ABB-A9CF836DD0B3}.Release|x86.Build.0 = Release|Any CPU
		{F037D83B-A57E-45E6-9A30-74A07F523566}.Debug|Any CPU.ActiveCfg = Debug|Any CPU
		{F037D83B-A57E-45E6-9A30-74A07F523566}.Debug|Any CPU.Build.0 = Debug|Any CPU
		{F037D83B-A57E-45E6-9A30-74A07F523566}.Debug|x64.ActiveCfg = Debug|Any CPU
		{F037D83B-A57E-45E6-9A30-74A07F523566}.Debug|x64.Build.0 = Debug|Any CPU
		{F037D83B-A57E-45E6-9A30-74A07F523566}.Debug|x86.ActiveCfg = Debug|Any CPU
		{F037D83B-A57E-45E6-9A30-74A07F523566}.Debug|x86.Build.0 = Debug|Any CPU
		{F037D83B-A57E-45E6-9A30-74A07F523566}.Release|Any CPU.ActiveCfg = Release|Any CPU
		{F037D83B-A57E-45E6-9A30-74A07F523566}.Release|Any CPU.Build.0 = Release|Any CPU
		{F037D83B-A57E-45E6-9A30-74A07F523566}.Release|x64.ActiveCfg = Release|Any CPU
		{F037D83B-A57E-45E6-9A30-74A07F523566}.Release|x64.Build.0 = Release|Any CPU
		{F037D83B-A57E-45E6-9A30-74A07F523566}.Release|x86.ActiveCfg = Release|Any CPU
		{F037D83B-A57E-45E6-9A30-74A07F523566}.Release|x86.Build.0 = Release|Any CPU
		{72C0B356-9F0D-4D5B-9127-4B5DD9D827E4}.Debug|Any CPU.ActiveCfg = Debug|Any CPU
		{72C0B356-9F0D-4D5B-9127-4B5DD9D827E4}.Debug|Any CPU.Build.0 = Debug|Any CPU
		{72C0B356-9F0D-4D5B-9127-4B5DD9D827E4}.Debug|x64.ActiveCfg = Debug|Any CPU
		{72C0B356-9F0D-4D5B-9127-4B5DD9D827E4}.Debug|x64.Build.0 = Debug|Any CPU
		{72C0B356-9F0D-4D5B-9127-4B5DD9D827E4}.Debug|x86.ActiveCfg = Debug|Any CPU
		{72C0B356-9F0D-4D5B-9127-4B5DD9D827E4}.Debug|x86.Build.0 = Debug|Any CPU
		{72C0B356-9F0D-4D5B-9127-4B5DD9D827E4}.Release|Any CPU.ActiveCfg = Release|Any CPU
		{72C0B356-9F0D-4D5B-9127-4B5DD9D827E4}.Release|Any CPU.Build.0 = Release|Any CPU
		{72C0B356-9F0D-4D5B-9127-4B5DD9D827E4}.Release|x64.ActiveCfg = Release|Any CPU
		{72C0B356-9F0D-4D5B-9127-4B5DD9D827E4}.Release|x64.Build.0 = Release|Any CPU
		{72C0B356-9F0D-4D5B-9127-4B5DD9D827E4}.Release|x86.ActiveCfg = Release|Any CPU
		{72C0B356-9F0D-4D5B-9127-4B5DD9D827E4}.Release|x86.Build.0 = Release|Any CPU
		{9E87789C-6A15-4527-A7D0-144FD2068E1C}.Debug|Any CPU.ActiveCfg = Debug|Any CPU
		{9E87789C-6A15-4527-A7D0-144FD2068E1C}.Debug|Any CPU.Build.0 = Debug|Any CPU
		{9E87789C-6A15-4527-A7D0-144FD2068E1C}.Debug|x64.ActiveCfg = Debug|Any CPU
		{9E87789C-6A15-4527-A7D0-144FD2068E1C}.Debug|x64.Build.0 = Debug|Any CPU
		{9E87789C-6A15-4527-A7D0-144FD2068E1C}.Debug|x86.ActiveCfg = Debug|Any CPU
		{9E87789C-6A15-4527-A7D0-144FD2068E1C}.Debug|x86.Build.0 = Debug|Any CPU
		{9E87789C-6A15-4527-A7D0-144FD2068E1C}.Release|Any CPU.ActiveCfg = Release|Any CPU
		{9E87789C-6A15-4527-A7D0-144FD2068E1C}.Release|Any CPU.Build.0 = Release|Any CPU
		{9E87789C-6A15-4527-A7D0-144FD2068E1C}.Release|x64.ActiveCfg = Release|Any CPU
		{9E87789C-6A15-4527-A7D0-144FD2068E1C}.Release|x64.Build.0 = Release|Any CPU
		{9E87789C-6A15-4527-A7D0-144FD2068E1C}.Release|x86.ActiveCfg = Release|Any CPU
		{9E87789C-6A15-4527-A7D0-144FD2068E1C}.Release|x86.Build.0 = Release|Any CPU
		{A455949C-B914-4BC1-A5C2-A25D825509F4}.Debug|Any CPU.ActiveCfg = Debug|Any CPU
		{A455949C-B914-4BC1-A5C2-A25D825509F4}.Debug|Any CPU.Build.0 = Debug|Any CPU
		{A455949C-B914-4BC1-A5C2-A25D825509F4}.Debug|x64.ActiveCfg = Debug|Any CPU
		{A455949C-B914-4BC1-A5C2-A25D825509F4}.Debug|x64.Build.0 = Debug|Any CPU
		{A455949C-B914-4BC1-A5C2-A25D825509F4}.Debug|x86.ActiveCfg = Debug|Any CPU
		{A455949C-B914-4BC1-A5C2-A25D825509F4}.Debug|x86.Build.0 = Debug|Any CPU
		{A455949C-B914-4BC1-A5C2-A25D825509F4}.Release|Any CPU.ActiveCfg = Release|Any CPU
		{A455949C-B914-4BC1-A5C2-A25D825509F4}.Release|Any CPU.Build.0 = Release|Any CPU
		{A455949C-B914-4BC1-A5C2-A25D825509F4}.Release|x64.ActiveCfg = Release|Any CPU
		{A455949C-B914-4BC1-A5C2-A25D825509F4}.Release|x64.Build.0 = Release|Any CPU
		{A455949C-B914-4BC1-A5C2-A25D825509F4}.Release|x86.ActiveCfg = Release|Any CPU
		{A455949C-B914-4BC1-A5C2-A25D825509F4}.Release|x86.Build.0 = Release|Any CPU
		{D46DA8EE-F4EA-4DDD-A5E8-3A99D1F20EED}.Debug|Any CPU.ActiveCfg = Debug|Any CPU
		{D46DA8EE-F4EA-4DDD-A5E8-3A99D1F20EED}.Debug|Any CPU.Build.0 = Debug|Any CPU
		{D46DA8EE-F4EA-4DDD-A5E8-3A99D1F20EED}.Debug|x64.ActiveCfg = Debug|Any CPU
		{D46DA8EE-F4EA-4DDD-A5E8-3A99D1F20EED}.Debug|x64.Build.0 = Debug|Any CPU
		{D46DA8EE-F4EA-4DDD-A5E8-3A99D1F20EED}.Debug|x86.ActiveCfg = Debug|Any CPU
		{D46DA8EE-F4EA-4DDD-A5E8-3A99D1F20EED}.Debug|x86.Build.0 = Debug|Any CPU
		{D46DA8EE-F4EA-4DDD-A5E8-3A99D1F20EED}.Release|Any CPU.ActiveCfg = Release|Any CPU
		{D46DA8EE-F4EA-4DDD-A5E8-3A99D1F20EED}.Release|Any CPU.Build.0 = Release|Any CPU
		{D46DA8EE-F4EA-4DDD-A5E8-3A99D1F20EED}.Release|x64.ActiveCfg = Release|Any CPU
		{D46DA8EE-F4EA-4DDD-A5E8-3A99D1F20EED}.Release|x64.Build.0 = Release|Any CPU
		{D46DA8EE-F4EA-4DDD-A5E8-3A99D1F20EED}.Release|x86.ActiveCfg = Release|Any CPU
		{D46DA8EE-F4EA-4DDD-A5E8-3A99D1F20EED}.Release|x86.Build.0 = Release|Any CPU
		{B2814CC6-4304-4125-A651-F263E0DE193F}.Debug|Any CPU.ActiveCfg = Debug|Any CPU
		{B2814CC6-4304-4125-A651-F263E0DE193F}.Debug|Any CPU.Build.0 = Debug|Any CPU
		{B2814CC6-4304-4125-A651-F263E0DE193F}.Debug|x64.ActiveCfg = Debug|Any CPU
		{B2814CC6-4304-4125-A651-F263E0DE193F}.Debug|x64.Build.0 = Debug|Any CPU
		{B2814CC6-4304-4125-A651-F263E0DE193F}.Debug|x86.ActiveCfg = Debug|Any CPU
		{B2814CC6-4304-4125-A651-F263E0DE193F}.Debug|x86.Build.0 = Debug|Any CPU
		{B2814CC6-4304-4125-A651-F263E0DE193F}.Release|Any CPU.ActiveCfg = Release|Any CPU
		{B2814CC6-4304-4125-A651-F263E0DE193F}.Release|Any CPU.Build.0 = Release|Any CPU
		{B2814CC6-4304-4125-A651-F263E0DE193F}.Release|x64.ActiveCfg = Release|Any CPU
		{B2814CC6-4304-4125-A651-F263E0DE193F}.Release|x64.Build.0 = Release|Any CPU
		{B2814CC6-4304-4125-A651-F263E0DE193F}.Release|x86.ActiveCfg = Release|Any CPU
		{B2814CC6-4304-4125-A651-F263E0DE193F}.Release|x86.Build.0 = Release|Any CPU
	EndGlobalSection
	GlobalSection(SolutionProperties) = preSolution
		HideSolutionNode = FALSE
	EndGlobalSection
	GlobalSection(NestedProjects) = preSolution
		{72616D3F-539D-473D-AF81-52DE69498B42} = {A44DECFC-F143-4E2F-B1F1-A08E402C09D3}
		{C26F78A3-0DC8-4753-A040-2355C3C1EB9C} = {A44DECFC-F143-4E2F-B1F1-A08E402C09D3}
		{3F53DBBB-55D6-4DEC-9ABB-A9CF836DD0B3} = {A44DECFC-F143-4E2F-B1F1-A08E402C09D3}
		{F037D83B-A57E-45E6-9A30-74A07F523566} = {A44DECFC-F143-4E2F-B1F1-A08E402C09D3}
		{72C0B356-9F0D-4D5B-9127-4B5DD9D827E4} = {A44DECFC-F143-4E2F-B1F1-A08E402C09D3}
		{9E87789C-6A15-4527-A7D0-144FD2068E1C} = {A44DECFC-F143-4E2F-B1F1-A08E402C09D3}
		{A455949C-B914-4BC1-A5C2-A25D825509F4} = {C7ECEE54-F430-4E16-80F4-D363B5447ACF}
		{D46DA8EE-F4EA-4DDD-A5E8-3A99D1F20EED} = {A44DECFC-F143-4E2F-B1F1-A08E402C09D3}
		{B2814CC6-4304-4125-A651-F263E0DE193F} = {C7ECEE54-F430-4E16-80F4-D363B5447ACF}
	EndGlobalSection
	GlobalSection(ExtensibilityGlobals) = postSolution
		SolutionGuid = {A555A869-7206-40CB-A16A-C76F26CF97BC}
	EndGlobalSection
EndGlobal
